
Microsoft Visual Studio Solution File, Format Version 12.00
# Visual Studio Version 17
VisualStudioVersion = 17.0.31903.59
MinimumVisualStudioVersion = 10.0.40219.1
Project("{FAE04EC0-301F-11D3-BF4B-00C04F79EFBC}") = "buddy", "buddy.csproj", "{4C8E08B8-ADF5-49C2-A4D0-E182FFA9DCEE}"
EndProject
Global
	GlobalSection(SolutionConfigurationPlatforms) = preSolution
		Debug|Any CPU = Debug|Any CPU
		Release|Any CPU = Release|Any CPU
		ReleaseShip|Any CPU = ReleaseShip|Any CPU
	EndGlobalSection
	GlobalSection(ProjectConfigurationPlatforms) = postSolution
		{4C8E08B8-ADF5-49C2-A4D0-E182FFA9DCEE}.Debug|Any CPU.ActiveCfg = Debug|Any CPU
		{4C8E08B8-ADF5-49C2-A4D0-E182FFA9DCEE}.Debug|Any CPU.Build.0 = Debug|Any CPU
		{4C8E08B8-ADF5-49C2-A4D0-E182FFA9DCEE}.Release|Any CPU.ActiveCfg = Release|Any CPU
		{4C8E08B8-ADF5-49C2-A4D0-E182FFA9DCEE}.Release|Any CPU.Build.0 = Release|Any CPU
		{4C8E08B8-ADF5-49C2-A4D0-E182FFA9DCEE}.ReleaseShip|Any CPU.ActiveCfg = ReleaseShip|Any CPU
		{4C8E08B8-ADF5-49C2-A4D0-E182FFA9DCEE}.ReleaseShip|Any CPU.Build.0 = ReleaseShip|Any CPU
	EndGlobalSection
EndGlobal
